
Microsoft Visual Studio Solution File, Format Version 12.00
# Visual Studio 15
VisualStudioVersion = 15.0.27004.2005
MinimumVisualStudioVersion = 10.0.40219.1
Project("{FAE04EC0-301F-11D3-BF4B-00C04F79EFBC}") = "ProjektReal", "ProjektReal\ProjektReal.csproj", "{26D00DAF-C7D0-4532-8802-6FE3718E272E}"
EndProject
Global
	GlobalSection(SolutionConfigurationPlatforms) = preSolution
		Debug|Any CPU = Debug|Any CPU
		Release|Any CPU = Release|Any CPU
	EndGlobalSection
	GlobalSection(ProjectConfigurationPlatforms) = postSolution
		{26D00DAF-C7D0-4532-8802-6FE3718E272E}.Debug|Any CPU.ActiveCfg = Debug|Any CPU
		{26D00DAF-C7D0-4532-8802-6FE3718E272E}.Debug|Any CPU.Build.0 = Debug|Any CPU
		{26D00DAF-C7D0-4532-8802-6FE3718E272E}.Release|Any CPU.ActiveCfg = Release|Any CPU
		{26D00DAF-C7D0-4532-8802-6FE3718E272E}.Release|Any CPU.Build.0 = Release|Any CPU
	EndGlobalSection
	GlobalSection(SolutionProperties) = preSolution
		HideSolutionNode = FALSE
	EndGlobalSection
	GlobalSection(ExtensibilityGlobals) = postSolution
		SolutionGuid = {52AAF6BE-93A9-4CEF-8267-07D469C1CB62}
	EndGlobalSection
EndGlobal
